
Microsoft Visual Studio Solution File, Format Version 12.00
# Visual Studio Version 16
VisualStudioVersion = 16.0.29911.84
MinimumVisualStudioVersion = 10.0.40219.1
Project("{FAE04EC0-301F-11D3-BF4B-00C04F79EFBC}") = "Program12Encyption", "Program12Encyption.csproj", "{71BC7946-6A28-4FE2-8F68-FF2E545DF3FC}"
EndProject
Global
	GlobalSection(SolutionConfigurationPlatforms) = preSolution
		Debug|Any CPU = Debug|Any CPU
		Release|Any CPU = Release|Any CPU
	EndGlobalSection
	GlobalSection(ProjectConfigurationPlatforms) = postSolution
		{71BC7946-6A28-4FE2-8F68-FF2E545DF3FC}.Debug|Any CPU.ActiveCfg = Debug|Any CPU
		{71BC7946-6A28-4FE2-8F68-FF2E545DF3FC}.Debug|Any CPU.Build.0 = Debug|Any CPU
		{71BC7946-6A28-4FE2-8F68-FF2E545DF3FC}.Release|Any CPU.ActiveCfg = Release|Any CPU
		{71BC7946-6A28-4FE2-8F68-FF2E545DF3FC}.Release|Any CPU.Build.0 = Release|Any CPU
	EndGlobalSection
	GlobalSection(SolutionProperties) = preSolution
		HideSolutionNode = FALSE
	EndGlobalSection
	GlobalSection(ExtensibilityGlobals) = postSolution
		SolutionGuid = {14684CC2-C551-4BB8-9FF8-A7DE2697B72A}
	EndGlobalSection
EndGlobal
