
Microsoft Visual Studio Solution File, Format Version 12.00
# Visual Studio Version 16
VisualStudioVersion = 16.0.29911.84
MinimumVisualStudioVersion = 10.0.40219.1
Project("{FAE04EC0-301F-11D3-BF4B-00C04F79EFBC}") = "Program20", "Program20.csproj", "{7CEEBF8C-9E4E-463B-99ED-6EEEBBE5D63E}"
EndProject
Global
	GlobalSection(SolutionConfigurationPlatforms) = preSolution
		Debug|Any CPU = Debug|Any CPU
		Release|Any CPU = Release|Any CPU
	EndGlobalSection
	GlobalSection(ProjectConfigurationPlatforms) = postSolution
		{7CEEBF8C-9E4E-463B-99ED-6EEEBBE5D63E}.Debug|Any CPU.ActiveCfg = Debug|Any CPU
		{7CEEBF8C-9E4E-463B-99ED-6EEEBBE5D63E}.Debug|Any CPU.Build.0 = Debug|Any CPU
		{7CEEBF8C-9E4E-463B-99ED-6EEEBBE5D63E}.Release|Any CPU.ActiveCfg = Release|Any CPU
		{7CEEBF8C-9E4E-463B-99ED-6EEEBBE5D63E}.Release|Any CPU.Build.0 = Release|Any CPU
	EndGlobalSection
	GlobalSection(SolutionProperties) = preSolution
		HideSolutionNode = FALSE
	EndGlobalSection
	GlobalSection(ExtensibilityGlobals) = postSolution
		SolutionGuid = {EC24D740-F6DD-43D2-B60D-2B90DFA1E834}
	EndGlobalSection
EndGlobal
