
Microsoft Visual Studio Solution File, Format Version 12.00
# Visual Studio Version 16
VisualStudioVersion = 16.0.29911.84
MinimumVisualStudioVersion = 10.0.40219.1
Project("{FAE04EC0-301F-11D3-BF4B-00C04F79EFBC}") = "Program24", "Program24.csproj", "{2BDB425C-80F5-46FD-8309-78AC19ADA529}"
EndProject
Global
	GlobalSection(SolutionConfigurationPlatforms) = preSolution
		Debug|Any CPU = Debug|Any CPU
		Release|Any CPU = Release|Any CPU
	EndGlobalSection
	GlobalSection(ProjectConfigurationPlatforms) = postSolution
		{2BDB425C-80F5-46FD-8309-78AC19ADA529}.Debug|Any CPU.ActiveCfg = Debug|Any CPU
		{2BDB425C-80F5-46FD-8309-78AC19ADA529}.Debug|Any CPU.Build.0 = Debug|Any CPU
		{2BDB425C-80F5-46FD-8309-78AC19ADA529}.Release|Any CPU.ActiveCfg = Release|Any CPU
		{2BDB425C-80F5-46FD-8309-78AC19ADA529}.Release|Any CPU.Build.0 = Release|Any CPU
	EndGlobalSection
	GlobalSection(SolutionProperties) = preSolution
		HideSolutionNode = FALSE
	EndGlobalSection
	GlobalSection(ExtensibilityGlobals) = postSolution
		SolutionGuid = {15030EC5-6262-4CCC-AFD0-844AD9B35932}
	EndGlobalSection
EndGlobal
