
Microsoft Visual Studio Solution File, Format Version 12.00
# Visual Studio Version 16
VisualStudioVersion = 16.0.29911.84
MinimumVisualStudioVersion = 10.0.40219.1
Project("{FAE04EC0-301F-11D3-BF4B-00C04F79EFBC}") = "Program15", "Program15.csproj", "{9A0DD1C4-C0F7-40A6-A213-B8136EA76B3F}"
EndProject
Global
	GlobalSection(SolutionConfigurationPlatforms) = preSolution
		Debug|Any CPU = Debug|Any CPU
		Release|Any CPU = Release|Any CPU
	EndGlobalSection
	GlobalSection(ProjectConfigurationPlatforms) = postSolution
		{9A0DD1C4-C0F7-40A6-A213-B8136EA76B3F}.Debug|Any CPU.ActiveCfg = Debug|Any CPU
		{9A0DD1C4-C0F7-40A6-A213-B8136EA76B3F}.Debug|Any CPU.Build.0 = Debug|Any CPU
		{9A0DD1C4-C0F7-40A6-A213-B8136EA76B3F}.Release|Any CPU.ActiveCfg = Release|Any CPU
		{9A0DD1C4-C0F7-40A6-A213-B8136EA76B3F}.Release|Any CPU.Build.0 = Release|Any CPU
	EndGlobalSection
	GlobalSection(SolutionProperties) = preSolution
		HideSolutionNode = FALSE
	EndGlobalSection
	GlobalSection(ExtensibilityGlobals) = postSolution
		SolutionGuid = {A1C92BE5-A7B5-43F5-A4A0-C200B3A5FFBE}
	EndGlobalSection
EndGlobal
