
Microsoft Visual Studio Solution File, Format Version 12.00
# Visual Studio Version 16
VisualStudioVersion = 16.0.29911.84
MinimumVisualStudioVersion = 10.0.40219.1
Project("{FAE04EC0-301F-11D3-BF4B-00C04F79EFBC}") = "Program10CopyFile", "Program10CopyFile.csproj", "{D1F2AF1D-D8C7-49CC-9103-CA6CEEB76959}"
EndProject
Global
	GlobalSection(SolutionConfigurationPlatforms) = preSolution
		Debug|Any CPU = Debug|Any CPU
		Release|Any CPU = Release|Any CPU
	EndGlobalSection
	GlobalSection(ProjectConfigurationPlatforms) = postSolution
		{D1F2AF1D-D8C7-49CC-9103-CA6CEEB76959}.Debug|Any CPU.ActiveCfg = Debug|Any CPU
		{D1F2AF1D-D8C7-49CC-9103-CA6CEEB76959}.Debug|Any CPU.Build.0 = Debug|Any CPU
		{D1F2AF1D-D8C7-49CC-9103-CA6CEEB76959}.Release|Any CPU.ActiveCfg = Release|Any CPU
		{D1F2AF1D-D8C7-49CC-9103-CA6CEEB76959}.Release|Any CPU.Build.0 = Release|Any CPU
	EndGlobalSection
	GlobalSection(SolutionProperties) = preSolution
		HideSolutionNode = FALSE
	EndGlobalSection
	GlobalSection(ExtensibilityGlobals) = postSolution
		SolutionGuid = {EEB0B007-BE03-4B47-9578-4CBB5CC0F2E7}
	EndGlobalSection
EndGlobal
